// !$*UTF8*$!
{
	archiveVersion = 1;
	classes = {
	};
	objectVersion = 77;
	objects = {

/* Begin PBXBuildFile section */
		1FF6FC54BC7AC7B853E42146 /* DistractionDodgeTests.swift in Sources */ = {isa = PBXBuildFile; fileRef = A779A5F6F750EEB3B698DB68 /* DistractionDodgeTests.swift */; };
		2411D4A610FF500FEEF81327 /* DistractionDodgeWatch.app in Embed Watch Content */ = {isa = PBXBuildFile; fileRef = BD45ECD45784A046324004C4 /* DistractionDodgeWatch.app */; settings = {ATTRIBUTES = (RemoveHeadersOnCopy, ); }; };
		248D878CADA255E80F1C705A /* ScreenshotTests.swift in Sources */ = {isa = PBXBuildFile; fileRef = 576022387D7E78B6CADFB380 /* ScreenshotTests.swift */; };
		2A0DDABD8B5D79824A9AC067 /* WatchScreenshotTests.swift in Sources */ = {isa = PBXBuildFile; fileRef = 660A8FC4D6373798B7DBC150 /* WatchScreenshotTests.swift */; };
		39E78B73F97BE015DB3AC512 /* PlayerProgress.swift in Sources */ = {isa = PBXBuildFile; fileRef = F7335EBD214465597790894F /* PlayerProgress.swift */; };
		3CC0D689F28CFC7C19244C77 /* Assets.xcassets in Resources */ = {isa = PBXBuildFile; fileRef = 5EFE78A4447EE19F9C13BF5D /* Assets.xcassets */; };
		42543747CEEE62C114AC5B2C /* DistractionDodgeApp.swift in Sources */ = {isa = PBXBuildFile; fileRef = 198D9C1DCD5CD3170919C02D /* DistractionDodgeApp.swift */; };
		6D7C78EF1D8A44BACB052677 /* ResultView.swift in Sources */ = {isa = PBXBuildFile; fileRef = D93EE3455C3E8FB5DCD01235 /* ResultView.swift */; };
		70135EB80178D13F1016F91A /* GameConfig.swift in Sources */ = {isa = PBXBuildFile; fileRef = 2EF3C7DC0D4A5194B7A4A051 /* GameConfig.swift */; };
		8F3DD13A7C64AF2D2B8BE190 /* SpriteKit.framework in Frameworks */ = {isa = PBXBuildFile; fileRef = 9993F5C7B56F23F79E32273F /* SpriteKit.framework */; };
		93C543A906F7539349DEEC11 /* MenuView.swift in Sources */ = {isa = PBXBuildFile; fileRef = 974D07C3FD45094D8D2292B4 /* MenuView.swift */; };
		B7FE5446675CBF4169DADC5F /* ShapeNode.swift in Sources */ = {isa = PBXBuildFile; fileRef = 9B70F963E99D42E690F98181 /* ShapeNode.swift */; };
		BC89CD81CF712DF232B37BB9 /* GameScene.swift in Sources */ = {isa = PBXBuildFile; fileRef = 832747CEC1C9C4317D3F1B8E /* GameScene.swift */; };
		C04CA5B28EFEC47DF8491118 /* ContentView.swift in Sources */ = {isa = PBXBuildFile; fileRef = 3ADE4515D609D61B4387750D /* ContentView.swift */; };
		D2970FD3F7D6DDCC3CB15C27 /* ContentView.swift in Sources */ = {isa = PBXBuildFile; fileRef = 5969EB1750B14520ACC2F9EE /* ContentView.swift */; };
		DCE3CDEF169B36363B898784 /* GameView.swift in Sources */ = {isa = PBXBuildFile; fileRef = F707ED392502A314A21FFAFB /* GameView.swift */; };
		E24C3B3DFCE422B252883967 /* DistractionDodgeWatchApp.swift in Sources */ = {isa = PBXBuildFile; fileRef = ADCC995B9CCCF648DD5B5D2E /* DistractionDodgeWatchApp.swift */; };
/* End PBXBuildFile section */

/* Begin PBXContainerItemProxy section */
		2D617B0693EEDB9D398B238E /* PBXContainerItemProxy */ = {
			isa = PBXContainerItemProxy;
			containerPortal = B8D36EEC15D1A03EED53DFB9 /* Project object */;
			proxyType = 1;
			remoteGlobalIDString = DC9F5598E19770433D83B969;
			remoteInfo = DistractionDodgeWatch;
		};
		30750A1B78116148D6AF427F /* PBXContainerItemProxy */ = {
			isa = PBXContainerItemProxy;
			containerPortal = B8D36EEC15D1A03EED53DFB9 /* Project object */;
			proxyType = 1;
			remoteGlobalIDString = 29D7A6BE623B7295B9386FAB;
			remoteInfo = DistractionDodge;
		};
/* End PBXContainerItemProxy section */

/* Begin PBXCopyFilesBuildPhase section */
		A091589C118342355AF6621F /* Embed Watch Content */ = {
			isa = PBXCopyFilesBuildPhase;
			buildActionMask = 2147483647;
			dstPath = "$(CONTENTS_FOLDER_PATH)/Watch";
			dstSubfolderSpec = 16;
			files = (
				2411D4A610FF500FEEF81327 /* DistractionDodgeWatch.app in Embed Watch Content */,
			);
			name = "Embed Watch Content";
			runOnlyForDeploymentPostprocessing = 0;
		};
/* End PBXCopyFilesBuildPhase section */

/* Begin PBXFileReference section */
		0959FB4DFA7D94B03D7210BA /* DistractionDodgeTests.xctest */ = {isa = PBXFileReference; includeInIndex = 0; lastKnownFileType = wrapper.cfbundle; path = DistractionDodgeTests.xctest; sourceTree = BUILT_PRODUCTS_DIR; };
		198D9C1DCD5CD3170919C02D /* DistractionDodgeApp.swift */ = {isa = PBXFileReference; lastKnownFileType = sourcecode.swift; path = DistractionDodgeApp.swift; sourceTree = "<group>"; };
		2EF3C7DC0D4A5194B7A4A051 /* GameConfig.swift */ = {isa = PBXFileReference; lastKnownFileType = sourcecode.swift; path = GameConfig.swift; sourceTree = "<group>"; };
		3ADE4515D609D61B4387750D /* ContentView.swift */ = {isa = PBXFileReference; lastKnownFileType = sourcecode.swift; path = ContentView.swift; sourceTree = "<group>"; };
		576022387D7E78B6CADFB380 /* ScreenshotTests.swift */ = {isa = PBXFileReference; lastKnownFileType = sourcecode.swift; path = ScreenshotTests.swift; sourceTree = "<group>"; };
		5969EB1750B14520ACC2F9EE /* ContentView.swift */ = {isa = PBXFileReference; lastKnownFileType = sourcecode.swift; path = ContentView.swift; sourceTree = "<group>"; };
		5EFE78A4447EE19F9C13BF5D /* Assets.xcassets */ = {isa = PBXFileReference; lastKnownFileType = folder.assetcatalog; path = Assets.xcassets; sourceTree = "<group>"; };
		660A8FC4D6373798B7DBC150 /* WatchScreenshotTests.swift */ = {isa = PBXFileReference; lastKnownFileType = sourcecode.swift; path = WatchScreenshotTests.swift; sourceTree = "<group>"; };
		832747CEC1C9C4317D3F1B8E /* GameScene.swift */ = {isa = PBXFileReference; lastKnownFileType = sourcecode.swift; path = GameScene.swift; sourceTree = "<group>"; };
		94E8EC7DDB8E7A5E2FF9727D /* Info.plist */ = {isa = PBXFileReference; lastKnownFileType = text.plist; path = Info.plist; sourceTree = "<group>"; };
		96A31489764C9E18D91CA4EA /* Info.plist */ = {isa = PBXFileReference; lastKnownFileType = text.plist; path = Info.plist; sourceTree = "<group>"; };
		974D07C3FD45094D8D2292B4 /* MenuView.swift */ = {isa = PBXFileReference; lastKnownFileType = sourcecode.swift; path = MenuView.swift; sourceTree = "<group>"; };
		97FC55C49D08B1EA05B03C7D /* DistractionDodge.app */ = {isa = PBXFileReference; includeInIndex = 0; lastKnownFileType = wrapper.application; path = DistractionDodge.app; sourceTree = BUILT_PRODUCTS_DIR; };
		9993F5C7B56F23F79E32273F /* SpriteKit.framework */ = {isa = PBXFileReference; lastKnownFileType = wrapper.framework; name = SpriteKit.framework; path = System/Library/Frameworks/SpriteKit.framework; sourceTree = SDKROOT; };
		9B70F963E99D42E690F98181 /* ShapeNode.swift */ = {isa = PBXFileReference; lastKnownFileType = sourcecode.swift; path = ShapeNode.swift; sourceTree = "<group>"; };
		A779A5F6F750EEB3B698DB68 /* DistractionDodgeTests.swift */ = {isa = PBXFileReference; lastKnownFileType = sourcecode.swift; path = DistractionDodgeTests.swift; sourceTree = "<group>"; };
		ADCC995B9CCCF648DD5B5D2E /* DistractionDodgeWatchApp.swift */ = {isa = PBXFileReference; lastKnownFileType = sourcecode.swift; path = DistractionDodgeWatchApp.swift; sourceTree = "<group>"; };
		BD45ECD45784A046324004C4 /* DistractionDodgeWatch.app */ = {isa = PBXFileReference; explicitFileType = wrapper.application; includeInIndex = 0; path = DistractionDodgeWatch.app; sourceTree = BUILT_PRODUCTS_DIR; };
		D93EE3455C3E8FB5DCD01235 /* ResultView.swift */ = {isa = PBXFileReference; lastKnownFileType = sourcecode.swift; path = ResultView.swift; sourceTree = "<group>"; };
		F707ED392502A314A21FFAFB /* GameView.swift */ = {isa = PBXFileReference; lastKnownFileType = sourcecode.swift; path = GameView.swift; sourceTree = "<group>"; };
		F7335EBD214465597790894F /* PlayerProgress.swift */ = {isa = PBXFileReference; lastKnownFileType = sourcecode.swift; path = PlayerProgress.swift; sourceTree = "<group>"; };
/* End PBXFileReference section */

/* Begin PBXFrameworksBuildPhase section */
		BCCDB67B436106C1F0416C46 /* Frameworks */ = {
			isa = PBXFrameworksBuildPhase;
			buildActionMask = 2147483647;
			files = (
				8F3DD13A7C64AF2D2B8BE190 /* SpriteKit.framework in Frameworks */,
			);
			runOnlyForDeploymentPostprocessing = 0;
		};
/* End PBXFrameworksBuildPhase section */

/* Begin PBXGroup section */
		053B4380581FF1DF30E5CFC5 /* DistractionDodgeTests */ = {
			isa = PBXGroup;
			children = (
				A779A5F6F750EEB3B698DB68 /* DistractionDodgeTests.swift */,
				576022387D7E78B6CADFB380 /* ScreenshotTests.swift */,
				660A8FC4D6373798B7DBC150 /* WatchScreenshotTests.swift */,
			);
			path = DistractionDodgeTests;
			sourceTree = "<group>";
		};
		0F6737F4E34C56D628438E6F /* DistractionDodgeWatch */ = {
			isa = PBXGroup;
			children = (
				5EFE78A4447EE19F9C13BF5D /* Assets.xcassets */,
				3ADE4515D609D61B4387750D /* ContentView.swift */,
				ADCC995B9CCCF648DD5B5D2E /* DistractionDodgeWatchApp.swift */,
				94E8EC7DDB8E7A5E2FF9727D /* Info.plist */,
			);
			path = DistractionDodgeWatch;
			sourceTree = "<group>";
		};
		388243DA829F1DD0244F28DB = {
			isa = PBXGroup;
			children = (
				51F6D6F9D6764EF4418AB247 /* Sources */,
				600D5D43DB45919F15F1F6DD /* Tests */,
				69494F43EC3470EF66E5C9E3 /* Frameworks */,
				7A6D13C1168026F89F27FC15 /* Products */,
			);
			sourceTree = "<group>";
		};
		51F6D6F9D6764EF4418AB247 /* Sources */ = {
			isa = PBXGroup;
			children = (
				9E9E1947996F5C46FEFBE557 /* DistractionDodge */,
				0F6737F4E34C56D628438E6F /* DistractionDodgeWatch */,
			);
			path = Sources;
			sourceTree = "<group>";
		};
		600D5D43DB45919F15F1F6DD /* Tests */ = {
			isa = PBXGroup;
			children = (
				053B4380581FF1DF30E5CFC5 /* DistractionDodgeTests */,
			);
			path = Tests;
			sourceTree = "<group>";
		};
		69494F43EC3470EF66E5C9E3 /* Frameworks */ = {
			isa = PBXGroup;
			children = (
				9993F5C7B56F23F79E32273F /* SpriteKit.framework */,
			);
			name = Frameworks;
			sourceTree = "<group>";
		};
		7A6D13C1168026F89F27FC15 /* Products */ = {
			isa = PBXGroup;
			children = (
				97FC55C49D08B1EA05B03C7D /* DistractionDodge.app */,
				0959FB4DFA7D94B03D7210BA /* DistractionDodgeTests.xctest */,
				BD45ECD45784A046324004C4 /* DistractionDodgeWatch.app */,
			);
			name = Products;
			sourceTree = "<group>";
		};
		81F9B5F2FB03AD74D299B47A /* Models */ = {
			isa = PBXGroup;
			children = (
				2EF3C7DC0D4A5194B7A4A051 /* GameConfig.swift */,
				F7335EBD214465597790894F /* PlayerProgress.swift */,
			);
			path = Models;
			sourceTree = "<group>";
		};
		9E9E1947996F5C46FEFBE557 /* DistractionDodge */ = {
			isa = PBXGroup;
			children = (
				5969EB1750B14520ACC2F9EE /* ContentView.swift */,
				198D9C1DCD5CD3170919C02D /* DistractionDodgeApp.swift */,
				96A31489764C9E18D91CA4EA /* Info.plist */,
				E6748F1C20CE099293EF7263 /* Game */,
				81F9B5F2FB03AD74D299B47A /* Models */,
				E1C7C3DCDD9A565EBBC9B190 /* Views */,
			);
			path = DistractionDodge;
			sourceTree = "<group>";
		};
		E1C7C3DCDD9A565EBBC9B190 /* Views */ = {
			isa = PBXGroup;
			children = (
				F707ED392502A314A21FFAFB /* GameView.swift */,
				974D07C3FD45094D8D2292B4 /* MenuView.swift */,
				D93EE3455C3E8FB5DCD01235 /* ResultView.swift */,
			);
			path = Views;
			sourceTree = "<group>";
		};
		E6748F1C20CE099293EF7263 /* Game */ = {
			isa = PBXGroup;
			children = (
				832747CEC1C9C4317D3F1B8E /* GameScene.swift */,
				9B70F963E99D42E690F98181 /* ShapeNode.swift */,
			);
			path = Game;
			sourceTree = "<group>";
		};
/* End PBXGroup section */

/* Begin PBXNativeTarget section */
		29D7A6BE623B7295B9386FAB /* DistractionDodge */ = {
			isa = PBXNativeTarget;
			buildConfigurationList = A144F15F307FD3BC288565EB /* Build configuration list for PBXNativeTarget "DistractionDodge" */;
			buildPhases = (
				2A9E06DCF602FF2AC00B722B /* Sources */,
				BCCDB67B436106C1F0416C46 /* Frameworks */,
				A091589C118342355AF6621F /* Embed Watch Content */,
			);
			buildRules = (
			);
			dependencies = (
				5FF0416852453E15A111455B /* PBXTargetDependency */,
			);
			name = DistractionDodge;
			packageProductDependencies = (
			);
			productName = DistractionDodge;
			productReference = 97FC55C49D08B1EA05B03C7D /* DistractionDodge.app */;
			productType = "com.apple.product-type.application";
		};
		61594297D96030D6D551DEDF /* DistractionDodgeTests */ = {
			isa = PBXNativeTarget;
			buildConfigurationList = D5A8E6D86F69BD7DC9577316 /* Build configuration list for PBXNativeTarget "DistractionDodgeTests" */;
			buildPhases = (
				261A83BFC13136430FF7F2B1 /* Sources */,
			);
			buildRules = (
			);
			dependencies = (
				33E4A0796625BDB6E9D37FC4 /* PBXTargetDependency */,
			);
			name = DistractionDodgeTests;
			packageProductDependencies = (
			);
			productName = DistractionDodgeTests;
			productReference = 0959FB4DFA7D94B03D7210BA /* DistractionDodgeTests.xctest */;
			productType = "com.apple.product-type.bundle.unit-test";
		};
		DC9F5598E19770433D83B969 /* DistractionDodgeWatch */ = {
			isa = PBXNativeTarget;
			buildConfigurationList = D23CA728180BF3F503B6B1C7 /* Build configuration list for PBXNativeTarget "DistractionDodgeWatch" */;
			buildPhases = (
				71A56E894968A9FC510166F7 /* Sources */,
				5C5D46687718E1235432F7BC /* Resources */,
			);
			buildRules = (
			);
			dependencies = (
			);
			name = DistractionDodgeWatch;
			packageProductDependencies = (
			);
			productName = DistractionDodgeWatch;
			productReference = BD45ECD45784A046324004C4 /* DistractionDodgeWatch.app */;
			productType = "com.apple.product-type.application";
		};
/* End PBXNativeTarget section */

/* Begin PBXProject section */
		B8D36EEC15D1A03EED53DFB9 /* Project object */ = {
			isa = PBXProject;
			attributes = {
				BuildIndependentTargetsInParallel = YES;
				LastUpgradeCheck = 1600;
				TargetAttributes = {
					29D7A6BE623B7295B9386FAB = {
						DevelopmentTeam = RZWT5WST77;
						ProvisioningStyle = Automatic;
					};
					61594297D96030D6D551DEDF = {
						DevelopmentTeam = RZWT5WST77;
						ProvisioningStyle = Automatic;
					};
					DC9F5598E19770433D83B969 = {
						DevelopmentTeam = RZWT5WST77;
						ProvisioningStyle = Automatic;
					};
				};
			};
			buildConfigurationList = 55BD4C9F0D21794F83922B4A /* Build configuration list for PBXProject "DistractionDodge" */;
			compatibilityVersion = "Xcode 14.0";
			developmentRegion = en;
			hasScannedForEncodings = 0;
			knownRegions = (
				Base,
				en,
			);
			mainGroup = 388243DA829F1DD0244F28DB;
			minimizedProjectReferenceProxies = 1;
			preferredProjectObjectVersion = 77;
			projectDirPath = "";
			projectRoot = "";
			targets = (
				29D7A6BE623B7295B9386FAB /* DistractionDodge */,
				61594297D96030D6D551DEDF /* DistractionDodgeTests */,
				DC9F5598E19770433D83B969 /* DistractionDodgeWatch */,
			);
		};
/* End PBXProject section */

/* Begin PBXResourcesBuildPhase section */
		5C5D46687718E1235432F7BC /* Resources */ = {
			isa = PBXResourcesBuildPhase;
			buildActionMask = 2147483647;
			files = (
				3CC0D689F28CFC7C19244C77 /* Assets.xcassets in Resources */,
			);
			runOnlyForDeploymentPostprocessing = 0;
		};
/* End PBXResourcesBuildPhase section */

/* Begin PBXSourcesBuildPhase section */
		261A83BFC13136430FF7F2B1 /* Sources */ = {
			isa = PBXSourcesBuildPhase;
			buildActionMask = 2147483647;
			files = (
				1FF6FC54BC7AC7B853E42146 /* DistractionDodgeTests.swift in Sources */,
				248D878CADA255E80F1C705A /* ScreenshotTests.swift in Sources */,
				2A0DDABD8B5D79824A9AC067 /* WatchScreenshotTests.swift in Sources */,
			);
			runOnlyForDeploymentPostprocessing = 0;
		};
		2A9E06DCF602FF2AC00B722B /* Sources */ = {
			isa = PBXSourcesBuildPhase;
			buildActionMask = 2147483647;
			files = (
				D2970FD3F7D6DDCC3CB15C27 /* ContentView.swift in Sources */,
				42543747CEEE62C114AC5B2C /* DistractionDodgeApp.swift in Sources */,
				70135EB80178D13F1016F91A /* GameConfig.swift in Sources */,
				BC89CD81CF712DF232B37BB9 /* GameScene.swift in Sources */,
				DCE3CDEF169B36363B898784 /* GameView.swift in Sources */,
				93C543A906F7539349DEEC11 /* MenuView.swift in Sources */,
				39E78B73F97BE015DB3AC512 /* PlayerProgress.swift in Sources */,
				6D7C78EF1D8A44BACB052677 /* ResultView.swift in Sources */,
				B7FE5446675CBF4169DADC5F /* ShapeNode.swift in Sources */,
			);
			runOnlyForDeploymentPostprocessing = 0;
		};
		71A56E894968A9FC510166F7 /* Sources */ = {
			isa = PBXSourcesBuildPhase;
			buildActionMask = 2147483647;
			files = (
				C04CA5B28EFEC47DF8491118 /* ContentView.swift in Sources */,
				E24C3B3DFCE422B252883967 /* DistractionDodgeWatchApp.swift in Sources */,
			);
			runOnlyForDeploymentPostprocessing = 0;
		};
/* End PBXSourcesBuildPhase section */

/* Begin PBXTargetDependency section */
		33E4A0796625BDB6E9D37FC4 /* PBXTargetDependency */ = {
			isa = PBXTargetDependency;
			target = 29D7A6BE623B7295B9386FAB /* DistractionDodge */;
			targetProxy = 30750A1B78116148D6AF427F /* PBXContainerItemProxy */;
		};
		5FF0416852453E15A111455B /* PBXTargetDependency */ = {
			isa = PBXTargetDependency;
			target = DC9F5598E19770433D83B969 /* DistractionDodgeWatch */;
			targetProxy = 2D617B0693EEDB9D398B238E /* PBXContainerItemProxy */;
		};
/* End PBXTargetDependency section */

/* Begin XCBuildConfiguration section */
		2F7D84BB531D681CBEBEF79B /* Debug */ = {
			isa = XCBuildConfiguration;
			buildSettings = {
				ALWAYS_SEARCH_USER_PATHS = NO;
				CLANG_ANALYZER_NONNULL = YES;
				CLANG_ANALYZER_NUMBER_OBJECT_CONVERSION = YES_AGGRESSIVE;
				CLANG_CXX_LANGUAGE_STANDARD = "gnu++14";
				CLANG_CXX_LIBRARY = "libc++";
				CLANG_ENABLE_MODULES = YES;
				CLANG_ENABLE_OBJC_ARC = YES;
				CLANG_ENABLE_OBJC_WEAK = YES;
				CLANG_WARN_BLOCK_CAPTURE_AUTORELEASING = YES;
				CLANG_WARN_BOOL_CONVERSION = YES;
				CLANG_WARN_COMMA = YES;
				CLANG_WARN_CONSTANT_CONVERSION = YES;
				CLANG_WARN_DEPRECATED_OBJC_IMPLEMENTATIONS = YES;
				CLANG_WARN_DIRECT_OBJC_ISA_USAGE = YES_ERROR;
				CLANG_WARN_DOCUMENTATION_COMMENTS = YES;
				CLANG_WARN_EMPTY_BODY = YES;
				CLANG_WARN_ENUM_CONVERSION = YES;
				CLANG_WARN_INFINITE_RECURSION = YES;
				CLANG_WARN_INT_CONVERSION = YES;
				CLANG_WARN_NON_LITERAL_NULL_CONVERSION = YES;
				CLANG_WARN_OBJC_IMPLICIT_RETAIN_SELF = YES;
				CLANG_WARN_OBJC_LITERAL_CONVERSION = YES;
				CLANG_WARN_OBJC_ROOT_CLASS = YES_ERROR;
				CLANG_WARN_QUOTED_INCLUDE_IN_FRAMEWORK_HEADER = YES;
				CLANG_WARN_RANGE_LOOP_ANALYSIS = YES;
				CLANG_WARN_STRICT_PROTOTYPES = YES;
				CLANG_WARN_SUSPICIOUS_MOVE = YES;
				CLANG_WARN_UNGUARDED_AVAILABILITY = YES_AGGRESSIVE;
				CLANG_WARN_UNREACHABLE_CODE = YES;
				CLANG_WARN__DUPLICATE_METHOD_MATCH = YES;
				COPY_PHASE_STRIP = NO;
				CURRENT_PROJECT_VERSION = 20260226.1;
				DEBUG_INFORMATION_FORMAT = dwarf;
				ENABLE_STRICT_OBJC_MSGSEND = YES;
				ENABLE_TESTABILITY = YES;
				GCC_C_LANGUAGE_STANDARD = gnu11;
				GCC_DYNAMIC_NO_PIC = NO;
				GCC_NO_COMMON_BLOCKS = YES;
				GCC_OPTIMIZATION_LEVEL = 0;
				GCC_PREPROCESSOR_DEFINITIONS = (
					"$(inherited)",
					"DEBUG=1",
				);
				GCC_WARN_64_TO_32_BIT_CONVERSION = YES;
				GCC_WARN_ABOUT_RETURN_TYPE = YES_ERROR;
				GCC_WARN_UNDECLARED_SELECTOR = YES;
				GCC_WARN_UNINITIALIZED_AUTOS = YES_AGGRESSIVE;
				GCC_WARN_UNUSED_FUNCTION = YES;
				GCC_WARN_UNUSED_VARIABLE = YES;
				IPHONEOS_DEPLOYMENT_TARGET = 17.0;
				MARKETING_VERSION = 1.0.0;
				MTL_ENABLE_DEBUG_INFO = INCLUDE_SOURCE;
				MTL_FAST_MATH = YES;
				ONLY_ACTIVE_ARCH = YES;
				PRODUCT_NAME = "$(TARGET_NAME)";
				SWIFT_ACTIVE_COMPILATION_CONDITIONS = DEBUG;
				SWIFT_OPTIMIZATION_LEVEL = "-Onone";
				SWIFT_VERSION = 6.0;
				TARGETED_DEVICE_FAMILY = "1,2";
			};
			name = Debug;
		};
		3932130B7DA82C7C1E764998 /* Release */ = {
			isa = XCBuildConfiguration;
			buildSettings = {
				ALWAYS_SEARCH_USER_PATHS = NO;
				CLANG_ANALYZER_NONNULL = YES;
				CLANG_ANALYZER_NUMBER_OBJECT_CONVERSION = YES_AGGRESSIVE;
				CLANG_CXX_LANGUAGE_STANDARD = "gnu++14";
				CLANG_CXX_LIBRARY = "libc++";
				CLANG_ENABLE_MODULES = YES;
				CLANG_ENABLE_OBJC_ARC = YES;
				CLANG_ENABLE_OBJC_WEAK = YES;
				CLANG_WARN_BLOCK_CAPTURE_AUTORELEASING = YES;
				CLANG_WARN_BOOL_CONVERSION = YES;
				CLANG_WARN_COMMA = YES;
				CLANG_WARN_CONSTANT_CONVERSION = YES;
				CLANG_WARN_DEPRECATED_OBJC_IMPLEMENTATIONS = YES;
				CLANG_WARN_DIRECT_OBJC_ISA_USAGE = YES_ERROR;
				CLANG_WARN_DOCUMENTATION_COMMENTS = YES;
				CLANG_WARN_EMPTY_BODY = YES;
				CLANG_WARN_ENUM_CONVERSION = YES;
				CLANG_WARN_INFINITE_RECURSION = YES;
				CLANG_WARN_INT_CONVERSION = YES;
				CLANG_WARN_NON_LITERAL_NULL_CONVERSION = YES;
				CLANG_WARN_OBJC_IMPLICIT_RETAIN_SELF = YES;
				CLANG_WARN_OBJC_LITERAL_CONVERSION = YES;
				CLANG_WARN_OBJC_ROOT_CLASS = YES_ERROR;
				CLANG_WARN_QUOTED_INCLUDE_IN_FRAMEWORK_HEADER = YES;
				CLANG_WARN_RANGE_LOOP_ANALYSIS = YES;
				CLANG_WARN_STRICT_PROTOTYPES = YES;
				CLANG_WARN_SUSPICIOUS_MOVE = YES;
				CLANG_WARN_UNGUARDED_AVAILABILITY = YES_AGGRESSIVE;
				CLANG_WARN_UNREACHABLE_CODE = YES;
				CLANG_WARN__DUPLICATE_METHOD_MATCH = YES;
				COPY_PHASE_STRIP = NO;
				CURRENT_PROJECT_VERSION = 20260226.1;
				DEBUG_INFORMATION_FORMAT = "dwarf-with-dsym";
				ENABLE_NS_ASSERTIONS = NO;
				ENABLE_STRICT_OBJC_MSGSEND = YES;
				GCC_C_LANGUAGE_STANDARD = gnu11;
				GCC_NO_COMMON_BLOCKS = YES;
				GCC_WARN_64_TO_32_BIT_CONVERSION = YES;
				GCC_WARN_ABOUT_RETURN_TYPE = YES_ERROR;
				GCC_WARN_UNDECLARED_SELECTOR = YES;
				GCC_WARN_UNINITIALIZED_AUTOS = YES_AGGRESSIVE;
				GCC_WARN_UNUSED_FUNCTION = YES;
				GCC_WARN_UNUSED_VARIABLE = YES;
				IPHONEOS_DEPLOYMENT_TARGET = 17.0;
				MARKETING_VERSION = 1.0.0;
				MTL_ENABLE_DEBUG_INFO = NO;
				MTL_FAST_MATH = YES;
				PRODUCT_NAME = "$(TARGET_NAME)";
				SWIFT_COMPILATION_MODE = wholemodule;
				SWIFT_OPTIMIZATION_LEVEL = "-O";
				SWIFT_VERSION = 6.0;
				TARGETED_DEVICE_FAMILY = "1,2";
			};
			name = Release;
		};
		45E1E92A9E929F08F8583AE2 /* Debug */ = {
			isa = XCBuildConfiguration;
			buildSettings = {
				ASSETCATALOG_COMPILER_APPICON_NAME = AppIcon;
				ASSETCATALOG_COMPILER_GLOBAL_ACCENT_COLOR_NAME = AccentColor;
				CODE_SIGN_IDENTITY = "iPhone Developer";
				CODE_SIGN_STYLE = Automatic;
				DEVELOPMENT_TEAM = RZWT5WST77;
				INFOPLIST_FILE = Sources/DistractionDodge/Info.plist;
				IPHONEOS_DEPLOYMENT_TARGET = 17.0;
				LD_RUNPATH_SEARCH_PATHS = (
					"$(inherited)",
					"@executable_path/Frameworks",
				);
				PRODUCT_BUNDLE_IDENTIFIER = com.foculoom.distractiondodge;
				PRODUCT_MODULE_NAME = DistractionDodge;
				PRODUCT_NAME = "Distraction Dodge";
				SDKROOT = iphoneos;
				TARGETED_DEVICE_FAMILY = "1,2";
			};
			name = Debug;
		};
		5993588FF390FBFA752A52E5 /* Release */ = {
			isa = XCBuildConfiguration;
			buildSettings = {
				ASSETCATALOG_COMPILER_APPICON_NAME = AppIcon;
				ASSETCATALOG_COMPILER_GLOBAL_ACCENT_COLOR_NAME = AccentColor;
				CODE_SIGN_IDENTITY = "iPhone Developer";
				CODE_SIGN_STYLE = Automatic;
				DEVELOPMENT_TEAM = RZWT5WST77;
				INFOPLIST_FILE = Sources/DistractionDodge/Info.plist;
				IPHONEOS_DEPLOYMENT_TARGET = 17.0;
				LD_RUNPATH_SEARCH_PATHS = (
					"$(inherited)",
					"@executable_path/Frameworks",
				);
				PRODUCT_BUNDLE_IDENTIFIER = com.foculoom.distractiondodge;
				PRODUCT_MODULE_NAME = DistractionDodge;
				PRODUCT_NAME = "Distraction Dodge";
				SDKROOT = iphoneos;
				TARGETED_DEVICE_FAMILY = "1,2";
			};
			name = Release;
		};
		60757889DFE4C4FB4C92A2D0 /* Release */ = {
			isa = XCBuildConfiguration;
			buildSettings = {
				BUNDLE_LOADER = "$(TEST_HOST)";
				CODE_SIGN_STYLE = Automatic;
				DEVELOPMENT_TEAM = RZWT5WST77;
				IPHONEOS_DEPLOYMENT_TARGET = 17.0;
				LD_RUNPATH_SEARCH_PATHS = (
					"$(inherited)",
					"@executable_path/Frameworks",
					"@loader_path/Frameworks",
				);
				PRODUCT_BUNDLE_IDENTIFIER = com.foculoom.distractiondodge.tests;
				SDKROOT = iphoneos;
				TARGETED_DEVICE_FAMILY = "1,2";
				TEST_HOST = "$(BUILT_PRODUCTS_DIR)/Distraction Dodge.app/Distraction Dodge";
			};
			name = Release;
		};
		6555811154AB8AC08D73839B /* Debug */ = {
			isa = XCBuildConfiguration;
			buildSettings = {
				BUNDLE_LOADER = "$(TEST_HOST)";
				CODE_SIGN_STYLE = Automatic;
				DEVELOPMENT_TEAM = RZWT5WST77;
				IPHONEOS_DEPLOYMENT_TARGET = 17.0;
				LD_RUNPATH_SEARCH_PATHS = (
					"$(inherited)",
					"@executable_path/Frameworks",
					"@loader_path/Frameworks",
				);
				PRODUCT_BUNDLE_IDENTIFIER = com.foculoom.distractiondodge.tests;
				SDKROOT = iphoneos;
				TARGETED_DEVICE_FAMILY = "1,2";
				TEST_HOST = "$(BUILT_PRODUCTS_DIR)/Distraction Dodge.app/Distraction Dodge";
			};
			name = Debug;
		};
		696FFB270F7796494C316649 /* Debug */ = {
			isa = XCBuildConfiguration;
			buildSettings = {
				ASSETCATALOG_COMPILER_APPICON_NAME = AppIcon;
				ASSETCATALOG_COMPILER_GLOBAL_ACCENT_COLOR_NAME = AccentColor;
				CODE_SIGN_STYLE = Automatic;
				CURRENT_PROJECT_VERSION = 20260226.1;
				DEVELOPMENT_TEAM = RZWT5WST77;
				INFOPLIST_FILE = Sources/DistractionDodgeWatch/Info.plist;
				MARKETING_VERSION = 1.0.0;
				PRODUCT_BUNDLE_IDENTIFIER = com.foculoom.distractiondodge.watchkitapp;
				PRODUCT_NAME = Dodge;
				SDKROOT = watchos;
				SKIP_INSTALL = YES;
				SWIFT_VERSION = 6.0;
				TARGETED_DEVICE_FAMILY = 4;
				WATCHOS_DEPLOYMENT_TARGET = 10.0;
			};
			name = Debug;
		};
		9CB1483609AF83AC746F4414 /* Release */ = {
			isa = XCBuildConfiguration;
			buildSettings = {
				ASSETCATALOG_COMPILER_APPICON_NAME = AppIcon;
				ASSETCATALOG_COMPILER_GLOBAL_ACCENT_COLOR_NAME = AccentColor;
				CODE_SIGN_STYLE = Automatic;
				CURRENT_PROJECT_VERSION = 20260226.1;
				DEVELOPMENT_TEAM = RZWT5WST77;
				INFOPLIST_FILE = Sources/DistractionDodgeWatch/Info.plist;
				MARKETING_VERSION = 1.0.0;
				PRODUCT_BUNDLE_IDENTIFIER = com.foculoom.distractiondodge.watchkitapp;
				PRODUCT_NAME = Dodge;
				SDKROOT = watchos;
				SKIP_INSTALL = YES;
				SWIFT_VERSION = 6.0;
				TARGETED_DEVICE_FAMILY = 4;
				WATCHOS_DEPLOYMENT_TARGET = 10.0;
			};
			name = Release;
		};
/* End XCBuildConfiguration section */

/* Begin XCConfigurationList section */
		55BD4C9F0D21794F83922B4A /* Build configuration list for PBXProject "DistractionDodge" */ = {
			isa = XCConfigurationList;
			buildConfigurations = (
				2F7D84BB531D681CBEBEF79B /* Debug */,
				3932130B7DA82C7C1E764998 /* Release */,
			);
			defaultConfigurationIsVisible = 0;
			defaultConfigurationName = Debug;
		};
		A144F15F307FD3BC288565EB /* Build configuration list for PBXNativeTarget "DistractionDodge" */ = {
			isa = XCConfigurationList;
			buildConfigurations = (
				45E1E92A9E929F08F8583AE2 /* Debug */,
				5993588FF390FBFA752A52E5 /* Release */,
			);
			defaultConfigurationIsVisible = 0;
			defaultConfigurationName = Debug;
		};
		D23CA728180BF3F503B6B1C7 /* Build configuration list for PBXNativeTarget "DistractionDodgeWatch" */ = {
			isa = XCConfigurationList;
			buildConfigurations = (
				696FFB270F7796494C316649 /* Debug */,
				9CB1483609AF83AC746F4414 /* Release */,
			);
			defaultConfigurationIsVisible = 0;
			defaultConfigurationName = Debug;
		};
		D5A8E6D86F69BD7DC9577316 /* Build configuration list for PBXNativeTarget "DistractionDodgeTests" */ = {
			isa = XCConfigurationList;
			buildConfigurations = (
				6555811154AB8AC08D73839B /* Debug */,
				60757889DFE4C4FB4C92A2D0 /* Release */,
			);
			defaultConfigurationIsVisible = 0;
			defaultConfigurationName = Debug;
		};
/* End XCConfigurationList section */
	};
	rootObject = B8D36EEC15D1A03EED53DFB9 /* Project object */;
}
